
Microsoft Visual Studio Solution File, Format Version 12.00
# Visual Studio Version 17
VisualStudioVersion = 17.9.34616.47
MinimumVisualStudioVersion = 10.0.40219.1
Project("{FAE04EC0-301F-11D3-BF4B-00C04F79EFBC}") = "Restaurants.API", "Restaurants.API\Restaurants.API.csproj", "{21E07EAA-A028-4920-AE9F-0B20DBFB3DF6}"
EndProject
Project("{FAE04EC0-301F-11D3-BF4B-00C04F79EFBC}") = "Restaurants.Domain", "Restaurants.Domain\Restaurants.Domain.csproj", "{A218FFBC-E846-4004-879B-21AB1CC47951}"
EndProject
Project("{FAE04EC0-301F-11D3-BF4B-00C04F79EFBC}") = "Restaurants.Application", "Restaurants.Application\Restaurants.Application.csproj", "{87DF696A-9821-4A82-9C04-DEF2725F4DD2}"
EndProject
Project("{FAE04EC0-301F-11D3-BF4B-00C04F79EFBC}") = "Restaurants.Infrastructure", "Restaurants.Infrastructure\Restaurants.Infrastructure.csproj", "{F190857A-7600-44C9-818D-20019AEE8A4F}"
EndProject
Global
	GlobalSection(SolutionConfigurationPlatforms) = preSolution
		Debug|Any CPU = Debug|Any CPU
		Release|Any CPU = Release|Any CPU
	EndGlobalSection
	GlobalSection(ProjectConfigurationPlatforms) = postSolution
		{21E07EAA-A028-4920-AE9F-0B20DBFB3DF6}.Debug|Any CPU.ActiveCfg = Debug|Any CPU
		{21E07EAA-A028-4920-AE9F-0B20DBFB3DF6}.Debug|Any CPU.Build.0 = Debug|Any CPU
		{21E07EAA-A028-4920-AE9F-0B20DBFB3DF6}.Release|Any CPU.ActiveCfg = Release|Any CPU
		{21E07EAA-A028-4920-AE9F-0B20DBFB3DF6}.Release|Any CPU.Build.0 = Release|Any CPU
		{A218FFBC-E846-4004-879B-21AB1CC47951}.Debug|Any CPU.ActiveCfg = Debug|Any CPU
		{A218FFBC-E846-4004-879B-21AB1CC47951}.Debug|Any CPU.Build.0 = Debug|Any CPU
		{A218FFBC-E846-4004-879B-21AB1CC47951}.Release|Any CPU.ActiveCfg = Release|Any CPU
		{A218FFBC-E846-4004-879B-21AB1CC47951}.Release|Any CPU.Build.0 = Release|Any CPU
		{87DF696A-9821-4A82-9C04-DEF2725F4DD2}.Debug|Any CPU.ActiveCfg = Debug|Any CPU
		{87DF696A-9821-4A82-9C04-DEF2725F4DD2}.Debug|Any CPU.Build.0 = Debug|Any CPU
		{87DF696A-9821-4A82-9C04-DEF2725F4DD2}.Release|Any CPU.ActiveCfg = Release|Any CPU
		{87DF696A-9821-4A82-9C04-DEF2725F4DD2}.Release|Any CPU.Build.0 = Release|Any CPU
		{F190857A-7600-44C9-818D-20019AEE8A4F}.Debug|Any CPU.ActiveCfg = Debug|Any CPU
		{F190857A-7600-44C9-818D-20019AEE8A4F}.Debug|Any CPU.Build.0 = Debug|Any CPU
		{F190857A-7600-44C9-818D-20019AEE8A4F}.Release|Any CPU.ActiveCfg = Release|Any CPU
		{F190857A-7600-44C9-818D-20019AEE8A4F}.Release|Any CPU.Build.0 = Release|Any CPU
	EndGlobalSection
	GlobalSection(SolutionProperties) = preSolution
		HideSolutionNode = FALSE
	EndGlobalSection
	GlobalSection(ExtensibilityGlobals) = postSolution
		SolutionGuid = {C915A7A2-8A26-47B5-8029-1749712439DB}
	EndGlobalSection
EndGlobal
